
Microsoft Visual Studio Solution File, Format Version 12.00
# Visual Studio Version 17
VisualStudioVersion = 17.3.32929.385
MinimumVisualStudioVersion = 10.0.40219.1
Project("{FAE04EC0-301F-11D3-BF4B-00C04F79EFBC}") = "HomeWoork1_st1", "HomeWoork1_st1\HomeWoork1_st1.csproj", "{516072A8-5AB4-4268-B49F-C1CE2C7D4606}"
EndProject
Global
	GlobalSection(SolutionConfigurationPlatforms) = preSolution
		Debug|Any CPU = Debug|Any CPU
		Release|Any CPU = Release|Any CPU
	EndGlobalSection
	GlobalSection(ProjectConfigurationPlatforms) = postSolution
		{516072A8-5AB4-4268-B49F-C1CE2C7D4606}.Debug|Any CPU.ActiveCfg = Debug|Any CPU
		{516072A8-5AB4-4268-B49F-C1CE2C7D4606}.Debug|Any CPU.Build.0 = Debug|Any CPU
		{516072A8-5AB4-4268-B49F-C1CE2C7D4606}.Release|Any CPU.ActiveCfg = Release|Any CPU
		{516072A8-5AB4-4268-B49F-C1CE2C7D4606}.Release|Any CPU.Build.0 = Release|Any CPU
	EndGlobalSection
	GlobalSection(SolutionProperties) = preSolution
		HideSolutionNode = FALSE
	EndGlobalSection
	GlobalSection(ExtensibilityGlobals) = postSolution
		SolutionGuid = {21F85362-CDA4-4711-8985-FAE23E8EA81A}
	EndGlobalSection
EndGlobal
